// !$*UTF8*$!
{
	archiveVersion = 1;
	classes = {
	};
	objectVersion = 50;
	objects = {

/* Begin PBXBuildFile section */
		89EAE22E324673D45627BF80 /* Pods_CustomReuseableUIButton.framework in Frameworks */ = {isa = PBXBuildFile; fileRef = 3B04E2BE0F410BF363141E84 /* Pods_CustomReuseableUIButton.framework */; };
		C98C96BE2226EB56000DEC4A /* AppDelegate.swift in Sources */ = {isa = PBXBuildFile; fileRef = C98C96BD2226EB56000DEC4A /* AppDelegate.swift */; };
		C98C96C02226EB56000DEC4A /* RootViewController.swift in Sources */ = {isa = PBXBuildFile; fileRef = C98C96BF2226EB56000DEC4A /* RootViewController.swift */; };
		C98C96C22226EB57000DEC4A /* Assets.xcassets in Resources */ = {isa = PBXBuildFile; fileRef = C98C96C12226EB57000DEC4A /* Assets.xcassets */; };
		C98C96C52226EB57000DEC4A /* LaunchScreen.storyboard in Resources */ = {isa = PBXBuildFile; fileRef = C98C96C32226EB57000DEC4A /* LaunchScreen.storyboard */; };
		C98C96CD2226EE91000DEC4A /* PurpleButton.swift in Sources */ = {isa = PBXBuildFile; fileRef = C98C96CC2226EE91000DEC4A /* PurpleButton.swift */; };
/* End PBXBuildFile section */

/* Begin PBXFileReference section */
		3B04E2BE0F410BF363141E84 /* Pods_CustomReuseableUIButton.framework */ = {isa = PBXFileReference; explicitFileType = wrapper.framework; includeInIndex = 0; path = Pods_CustomReuseableUIButton.framework; sourceTree = BUILT_PRODUCTS_DIR; };
		783965888A39EB8BC1E76FA7 /* Pods-CustomReuseableUIButton.debug.xcconfig */ = {isa = PBXFileReference; includeInIndex = 1; lastKnownFileType = text.xcconfig; name = "Pods-CustomReuseableUIButton.debug.xcconfig"; path = "Target Support Files/Pods-CustomReuseableUIButton/Pods-CustomReuseableUIButton.debug.xcconfig"; sourceTree = "<group>"; };
		C98C96BA2226EB56000DEC4A /* CustomReuseableUIButton.app */ = {isa = PBXFileReference; explicitFileType = wrapper.application; includeInIndex = 0; path = CustomReuseableUIButton.app; sourceTree = BUILT_PRODUCTS_DIR; };
		C98C96BD2226EB56000DEC4A /* AppDelegate.swift */ = {isa = PBXFileReference; lastKnownFileType = sourcecode.swift; path = AppDelegate.swift; sourceTree = "<group>"; };
		C98C96BF2226EB56000DEC4A /* RootViewController.swift */ = {isa = PBXFileReference; lastKnownFileType = sourcecode.swift; path = RootViewController.swift; sourceTree = "<group>"; };
		C98C96C12226EB57000DEC4A /* Assets.xcassets */ = {isa = PBXFileReference; lastKnownFileType = folder.assetcatalog; path = Assets.xcassets; sourceTree = "<group>"; };
		C98C96C42226EB57000DEC4A /* Base */ = {isa = PBXFileReference; lastKnownFileType = file.storyboard; name = Base; path = Base.lproj/LaunchScreen.storyboard; sourceTree = "<group>"; };
		C98C96C62226EB57000DEC4A /* Info.plist */ = {isa = PBXFileReference; lastKnownFileType = text.plist.xml; path = Info.plist; sourceTree = "<group>"; };
		C98C96CC2226EE91000DEC4A /* PurpleButton.swift */ = {isa = PBXFileReference; lastKnownFileType = sourcecode.swift; path = PurpleButton.swift; sourceTree = "<group>"; };
		D653DA98FF5C743F6296FE21 /* Pods-CustomReuseableUIButton.release.xcconfig */ = {isa = PBXFileReference; includeInIndex = 1; lastKnownFileType = text.xcconfig; name = "Pods-CustomReuseableUIButton.release.xcconfig"; path = "Target Support Files/Pods-CustomReuseableUIButton/Pods-CustomReuseableUIButton.release.xcconfig"; sourceTree = "<group>"; };
/* End PBXFileReference section */

/* Begin PBXFrameworksBuildPhase section */
		C98C96B72226EB56000DEC4A /* Frameworks */ = {
			isa = PBXFrameworksBuildPhase;
			buildActionMask = 2147483647;
			files = (
				89EAE22E324673D45627BF80 /* Pods_CustomReuseableUIButton.framework in Frameworks */,
			);
			runOnlyForDeploymentPostprocessing = 0;
		};
/* End PBXFrameworksBuildPhase section */

/* Begin PBXGroup section */
		38DD01CC358AF3FFCE8DEEDD /* Pods */ = {
			isa = PBXGroup;
			children = (
				783965888A39EB8BC1E76FA7 /* Pods-CustomReuseableUIButton.debug.xcconfig */,
				D653DA98FF5C743F6296FE21 /* Pods-CustomReuseableUIButton.release.xcconfig */,
			);
			path = Pods;
			sourceTree = "<group>";
		};
		54A8094CCB0D7625857EA416 /* Frameworks */ = {
			isa = PBXGroup;
			children = (
				3B04E2BE0F410BF363141E84 /* Pods_CustomReuseableUIButton.framework */,
			);
			name = Frameworks;
			sourceTree = "<group>";
		};
		C98C96B12226EB56000DEC4A = {
			isa = PBXGroup;
			children = (
				C98C96BC2226EB56000DEC4A /* CustomReuseableUIButton */,
				C98C96BB2226EB56000DEC4A /* Products */,
				38DD01CC358AF3FFCE8DEEDD /* Pods */,
				54A8094CCB0D7625857EA416 /* Frameworks */,
			);
			sourceTree = "<group>";
		};
		C98C96BB2226EB56000DEC4A /* Products */ = {
			isa = PBXGroup;
			children = (
				C98C96BA2226EB56000DEC4A /* CustomReuseableUIButton.app */,
			);
			name = Products;
			sourceTree = "<group>";
		};
		C98C96BC2226EB56000DEC4A /* CustomReuseableUIButton */ = {
			isa = PBXGroup;
			children = (
				C98C96BD2226EB56000DEC4A /* AppDelegate.swift */,
				C98C96BF2226EB56000DEC4A /* RootViewController.swift */,
				C98C96CC2226EE91000DEC4A /* PurpleButton.swift */,
				C98C96C12226EB57000DEC4A /* Assets.xcassets */,
				C98C96C32226EB57000DEC4A /* LaunchScreen.storyboard */,
				C98C96C62226EB57000DEC4A /* Info.plist */,
			);
			path = CustomReuseableUIButton;
			sourceTree = "<group>";
		};
/* End PBXGroup section */

/* Begin PBXNativeTarget section */
		C98C96B92226EB56000DEC4A /* CustomReuseableUIButton */ = {
			isa = PBXNativeTarget;
			buildConfigurationList = C98C96C92226EB57000DEC4A /* Build configuration list for PBXNativeTarget "CustomReuseableUIButton" */;
			buildPhases = (
				7BBFF64345C916A544A19662 /* [CP] Check Pods Manifest.lock */,
				C98C96B62226EB56000DEC4A /* Sources */,
				C98C96B72226EB56000DEC4A /* Frameworks */,
				C98C96B82226EB56000DEC4A /* Resources */,
				170DE28DD6842A1857D9B80E /* [CP] Embed Pods Frameworks */,
			);
			buildRules = (
			);
			dependencies = (
			);
			name = CustomReuseableUIButton;
			productName = CustomReuseableUIButton;
			productReference = C98C96BA2226EB56000DEC4A /* CustomReuseableUIButton.app */;
			productType = "com.apple.product-type.application";
		};
/* End PBXNativeTarget section */

/* Begin PBXProject section */
		C98C96B22226EB56000DEC4A /* Project object */ = {
			isa = PBXProject;
			attributes = {
				LastSwiftUpdateCheck = 1010;
				LastUpgradeCheck = 1010;
				ORGANIZATIONNAME = "Alex Nagy";
				TargetAttributes = {
					C98C96B92226EB56000DEC4A = {
						CreatedOnToolsVersion = 10.1;
					};
				};
			};
			buildConfigurationList = C98C96B52226EB56000DEC4A /* Build configuration list for PBXProject "CustomReuseableUIButton" */;
			compatibilityVersion = "Xcode 9.3";
			developmentRegion = en;
			hasScannedForEncodings = 0;
			knownRegions = (
				en,
				Base,
			);
			mainGroup = C98C96B12226EB56000DEC4A;
			productRefGroup = C98C96BB2226EB56000DEC4A /* Products */;
			projectDirPath = "";
			projectRoot = "";
			targets = (
				C98C96B92226EB56000DEC4A /* CustomReuseableUIButton */,
			);
		};
/* End PBXProject section */

/* Begin PBXResourcesBuildPhase section */
		C98C96B82226EB56000DEC4A /* Resources */ = {
			isa = PBXResourcesBuildPhase;
			buildActionMask = 2147483647;
			files = (
				C98C96C22226EB57000DEC4A /* Assets.xcassets in Resources */,
				C98C96C52226EB57000DEC4A /* LaunchScreen.storyboard in Resources */,
			);
			runOnlyForDeploymentPostprocessing = 0;
		};
/* End PBXResourcesBuildPhase section */

/* Begin PBXShellScriptBuildPhase section */
		170DE28DD6842A1857D9B80E /* [CP] Embed Pods Frameworks */ = {
			isa = PBXShellScriptBuildPhase;
			buildActionMask = 2147483647;
			files = (
			);
			inputFileListPaths = (
			);
			inputPaths = (
				"${PODS_ROOT}/Target Support Files/Pods-CustomReuseableUIButton/Pods-CustomReuseableUIButton-frameworks.sh",
				"${BUILT_PRODUCTS_DIR}/TinyConstraints/TinyConstraints.framework",
			);
			name = "[CP] Embed Pods Frameworks";
			outputFileListPaths = (
			);
			outputPaths = (
				"${TARGET_BUILD_DIR}/${FRAMEWORKS_FOLDER_PATH}/TinyConstraints.framework",
			);
			runOnlyForDeploymentPostprocessing = 0;
			shellPath = /bin/sh;
			shellScript = "\"${PODS_ROOT}/Target Support Files/Pods-CustomReuseableUIButton/Pods-CustomReuseableUIButton-frameworks.sh\"\n";
			showEnvVarsInLog = 0;
		};
		7BBFF64345C916A544A19662 /* [CP] Check Pods Manifest.lock */ = {
			isa = PBXShellScriptBuildPhase;
			buildActionMask = 2147483647;
			files = (
			);
			inputFileListPaths = (
			);
			inputPaths = (
				"${PODS_PODFILE_DIR_PATH}/Podfile.lock",
				"${PODS_ROOT}/Manifest.lock",
			);
			name = "[CP] Check Pods Manifest.lock";
			outputFileListPaths = (
			);
			outputPaths = (
				"$(DERIVED_FILE_DIR)/Pods-CustomReuseableUIButton-checkManifestLockResult.txt",
			);
			runOnlyForDeploymentPostprocessing = 0;
			shellPath = /bin/sh;
			shellScript = "diff \"${PODS_PODFILE_DIR_PATH}/Podfile.lock\" \"${PODS_ROOT}/Manifest.lock\" > /dev/null\nif [ $? != 0 ] ; then\n    # print error to STDERR\n    echo \"error: The sandbox is not in sync with the Podfile.lock. Run 'pod install' or update your CocoaPods installation.\" >&2\n    exit 1\nfi\n# This output is used by Xcode 'outputs' to avoid re-running this script phase.\necho \"SUCCESS\" > \"${SCRIPT_OUTPUT_FILE_0}\"\n";
			showEnvVarsInLog = 0;
		};
/* End PBXShellScriptBuildPhase section */

/* Begin PBXSourcesBuildPhase section */
		C98C96B62226EB56000DEC4A /* Sources */ = {
			isa = PBXSourcesBuildPhase;
			buildActionMask = 2147483647;
			files = (
				C98C96C02226EB56000DEC4A /* RootViewController.swift in Sources */,
				C98C96BE2226EB56000DEC4A /* AppDelegate.swift in Sources */,
				C98C96CD2226EE91000DEC4A /* PurpleButton.swift in Sources */,
			);
			runOnlyForDeploymentPostprocessing = 0;
		};
/* End PBXSourcesBuildPhase section */

/* Begin PBXVariantGroup section */
		C98C96C32226EB57000DEC4A /* LaunchScreen.storyboard */ = {
			isa = PBXVariantGroup;
			children = (
				C98C96C42226EB57000DEC4A /* Base */,
			);
			name = LaunchScreen.storyboard;
			sourceTree = "<group>";
		};
/* End PBXVariantGroup section */

/* Begin XCBuildConfiguration section */
		C98C96C72226EB57000DEC4A /* Debug */ = {
			isa = XCBuildConfiguration;
			buildSettings = {
				ALWAYS_SEARCH_USER_PATHS = NO;
				CLANG_ANALYZER_NONNULL = YES;
				CLANG_ANALYZER_NUMBER_OBJECT_CONVERSION = YES_AGGRESSIVE;
				CLANG_CXX_LANGUAGE_STANDARD = "gnu++14";
				CLANG_CXX_LIBRARY = "libc++";
				CLANG_ENABLE_MODULES = YES;
				CLANG_ENABLE_OBJC_ARC = YES;
				CLANG_ENABLE_OBJC_WEAK = YES;
				CLANG_WARN_BLOCK_CAPTURE_AUTORELEASING = YES;
				CLANG_WARN_BOOL_CONVERSION = YES;
				CLANG_WARN_COMMA = YES;
				CLANG_WARN_CONSTANT_CONVERSION = YES;
				CLANG_WARN_DEPRECATED_OBJC_IMPLEMENTATIONS = YES;
				CLANG_WARN_DIRECT_OBJC_ISA_USAGE = YES_ERROR;
				CLANG_WARN_DOCUMENTATION_COMMENTS = YES;
				CLANG_WARN_EMPTY_BODY = YES;
				CLANG_WARN_ENUM_CONVERSION = YES;
				CLANG_WARN_INFINITE_RECURSION = YES;
				CLANG_WARN_INT_CONVERSION = YES;
				CLANG_WARN_NON_LITERAL_NULL_CONVERSION = YES;
				CLANG_WARN_OBJC_IMPLICIT_RETAIN_SELF = YES;
				CLANG_WARN_OBJC_LITERAL_CONVERSION = YES;
				CLANG_WARN_OBJC_ROOT_CLASS = YES_ERROR;
				CLANG_WARN_RANGE_LOOP_ANALYSIS = YES;
				CLANG_WARN_STRICT_PROTOTYPES = YES;
				CLANG_WARN_SUSPICIOUS_MOVE = YES;
				CLANG_WARN_UNGUARDED_AVAILABILITY = YES_AGGRESSIVE;
				CLANG_WARN_UNREACHABLE_CODE = YES;
				CLANG_WARN__DUPLICATE_METHOD_MATCH = YES;
				CODE_SIGN_IDENTITY = "iPhone Developer";
				COPY_PHASE_STRIP = NO;
				DEBUG_INFORMATION_FORMAT = dwarf;
				ENABLE_STRICT_OBJC_MSGSEND = YES;
				ENABLE_TESTABILITY = YES;
				GCC_C_LANGUAGE_STANDARD = gnu11;
				GCC_DYNAMIC_NO_PIC = NO;
				GCC_NO_COMMON_BLOCKS = YES;
				GCC_OPTIMIZATION_LEVEL = 0;
				GCC_PREPROCESSOR_DEFINITIONS = (
					"DEBUG=1",
					"$(inherited)",
				);
				GCC_WARN_64_TO_32_BIT_CONVERSION = YES;
				GCC_WARN_ABOUT_RETURN_TYPE = YES_ERROR;
				GCC_WARN_UNDECLARED_SELECTOR = YES;
				GCC_WARN_UNINITIALIZED_AUTOS = YES_AGGRESSIVE;
				GCC_WARN_UNUSED_FUNCTION = YES;
				GCC_WARN_UNUSED_VARIABLE = YES;
				IPHONEOS_DEPLOYMENT_TARGET = 12.1;
				MTL_ENABLE_DEBUG_INFO = INCLUDE_SOURCE;
				MTL_FAST_MATH = YES;
				ONLY_ACTIVE_ARCH = YES;
				SDKROOT = iphoneos;
				SWIFT_ACTIVE_COMPILATION_CONDITIONS = DEBUG;
				SWIFT_OPTIMIZATION_LEVEL = "-Onone";
			};
			name = Debug;
		};
		C98C96C82226EB57000DEC4A /* Release */ = {
			isa = XCBuildConfiguration;
			buildSettings = {
				ALWAYS_SEARCH_USER_PATHS = NO;
				CLANG_ANALYZER_NONNULL = YES;
				CLANG_ANALYZER_NUMBER_OBJECT_CONVERSION = YES_AGGRESSIVE;
				CLANG_CXX_LANGUAGE_STANDARD = "gnu++14";
				CLANG_CXX_LIBRARY = "libc++";
				CLANG_ENABLE_MODULES = YES;
				CLANG_ENABLE_OBJC_ARC = YES;
				CLANG_ENABLE_OBJC_WEAK = YES;
				CLANG_WARN_BLOCK_CAPTURE_AUTORELEASING = YES;
				CLANG_WARN_BOOL_CONVERSION = YES;
				CLANG_WARN_COMMA = YES;
				CLANG_WARN_CONSTANT_CONVERSION = YES;
				CLANG_WARN_DEPRECATED_OBJC_IMPLEMENTATIONS = YES;
				CLANG_WARN_DIRECT_OBJC_ISA_USAGE = YES_ERROR;
				CLANG_WARN_DOCUMENTATION_COMMENTS = YES;
				CLANG_WARN_EMPTY_BODY = YES;
				CLANG_WARN_ENUM_CONVERSION = YES;
				CLANG_WARN_INFINITE_RECURSION = YES;
				CLANG_WARN_INT_CONVERSION = YES;
				CLANG_WARN_NON_LITERAL_NULL_CONVERSION = YES;
				CLANG_WARN_OBJC_IMPLICIT_RETAIN_SELF = YES;
				CLANG_WARN_OBJC_LITERAL_CONVERSION = YES;
				CLANG_WARN_OBJC_ROOT_CLASS = YES_ERROR;
				CLANG_WARN_RANGE_LOOP_ANALYSIS = YES;
				CLANG_WARN_STRICT_PROTOTYPES = YES;
				CLANG_WARN_SUSPICIOUS_MOVE = YES;
				CLANG_WARN_UNGUARDED_AVAILABILITY = YES_AGGRESSIVE;
				CLANG_WARN_UNREACHABLE_CODE = YES;
				CLANG_WARN__DUPLICATE_METHOD_MATCH = YES;
				CODE_SIGN_IDENTITY = "iPhone Developer";
				COPY_PHASE_STRIP = NO;
				DEBUG_INFORMATION_FORMAT = "dwarf-with-dsym";
				ENABLE_NS_ASSERTIONS = NO;
				ENABLE_STRICT_OBJC_MSGSEND = YES;
				GCC_C_LANGUAGE_STANDARD = gnu11;
				GCC_NO_COMMON_BLOCKS = YES;
				GCC_WARN_64_TO_32_BIT_CONVERSION = YES;
				GCC_WARN_ABOUT_RETURN_TYPE = YES_ERROR;
				GCC_WARN_UNDECLARED_SELECTOR = YES;
				GCC_WARN_UNINITIALIZED_AUTOS = YES_AGGRESSIVE;
				GCC_WARN_UNUSED_FUNCTION = YES;
				GCC_WARN_UNUSED_VARIABLE = YES;
				IPHONEOS_DEPLOYMENT_TARGET = 12.1;
				MTL_ENABLE_DEBUG_INFO = NO;
				MTL_FAST_MATH = YES;
				SDKROOT = iphoneos;
				SWIFT_COMPILATION_MODE = wholemodule;
				SWIFT_OPTIMIZATION_LEVEL = "-O";
				VALIDATE_PRODUCT = YES;
			};
			name = Release;
		};
		C98C96CA2226EB57000DEC4A /* Debug */ = {
			isa = XCBuildConfiguration;
			baseConfigurationReference = 783965888A39EB8BC1E76FA7 /* Pods-CustomReuseableUIButton.debug.xcconfig */;
			buildSettings = {
				ASSETCATALOG_COMPILER_APPICON_NAME = AppIcon;
				CODE_SIGN_STYLE = Automatic;
				DEVELOPMENT_TEAM = R252PR8AVU;
				INFOPLIST_FILE = CustomReuseableUIButton/Info.plist;
				LD_RUNPATH_SEARCH_PATHS = (
					"$(inherited)",
					"@executable_path/Frameworks",
				);
				PRODUCT_BUNDLE_IDENTIFIER = com.Rebeloper.CustomReuseableUIButton;
				PRODUCT_NAME = "$(TARGET_NAME)";
				SWIFT_VERSION = 4.2;
				TARGETED_DEVICE_FAMILY = "1,2";
			};
			name = Debug;
		};
		C98C96CB2226EB57000DEC4A /* Release */ = {
			isa = XCBuildConfiguration;
			baseConfigurationReference = D653DA98FF5C743F6296FE21 /* Pods-CustomReuseableUIButton.release.xcconfig */;
			buildSettings = {
				ASSETCATALOG_COMPILER_APPICON_NAME = AppIcon;
				CODE_SIGN_STYLE = Automatic;
				DEVELOPMENT_TEAM = R252PR8AVU;
				INFOPLIST_FILE = CustomReuseableUIButton/Info.plist;
				LD_RUNPATH_SEARCH_PATHS = (
					"$(inherited)",
					"@executable_path/Frameworks",
				);
				PRODUCT_BUNDLE_IDENTIFIER = com.Rebeloper.CustomReuseableUIButton;
				PRODUCT_NAME = "$(TARGET_NAME)";
				SWIFT_VERSION = 4.2;
				TARGETED_DEVICE_FAMILY = "1,2";
			};
			name = Release;
		};
/* End XCBuildConfiguration section */

/* Begin XCConfigurationList section */
		C98C96B52226EB56000DEC4A /* Build configuration list for PBXProject "CustomReuseableUIButton" */ = {
			isa = XCConfigurationList;
			buildConfigurations = (
				C98C96C72226EB57000DEC4A /* Debug */,
				C98C96C82226EB57000DEC4A /* Release */,
			);
			defaultConfigurationIsVisible = 0;
			defaultConfigurationName = Release;
		};
		C98C96C92226EB57000DEC4A /* Build configuration list for PBXNativeTarget "CustomReuseableUIButton" */ = {
			isa = XCConfigurationList;
			buildConfigurations = (
				C98C96CA2226EB57000DEC4A /* Debug */,
				C98C96CB2226EB57000DEC4A /* Release */,
			);
			defaultConfigurationIsVisible = 0;
			defaultConfigurationName = Release;
		};
/* End XCConfigurationList section */
	};
	rootObject = C98C96B22226EB56000DEC4A /* Project object */;
}
